<?xml version="1.0" encoding="utf-8"?>
<!-- Copyright (c) 2015-2019 LunarG, Inc. -->
<Project ToolsVersion="4.0" xmlns="http://schemas.microsoft.com/developer/msbuild/2003">
  <ItemGroup>
    <Filter Include="Source Files">
      <UniqueIdentifier>{4FC737F1-C7A5-4376-A066-2A32D752A2FF}</UniqueIdentifier>
      <Extensions>cpp;c;cc;cxx;def;odl;idl;hpj;bat;asm;asmx</Extensions>
    </Filter>
    <Filter Include="Header Files">
      <UniqueIdentifier>{93995380-89BD-4b04-88EB-625FBE52EBFB}</UniqueIdentifier>
      <Extensions>h;hh;hpp;hxx;hm;inl;inc;xsd</Extensions>
    </Filter>
    <Filter Include="Resource Files">
      <UniqueIdentifier>{67DA6AB6-F800-4c08-8B7A-83BB121AAD01}</UniqueIdentifier>
      <Extensions>rc;ico;cur;bmp;dlg;rc2;rct;bin;rgs;gif;jpg;jpeg;jpe;resx;tiff;tif;png;wav;mfcribbon-ms</Extensions>
    </Filter>
    <Filter Include="Source Files\Craig">
      <UniqueIdentifier>{1bf05121-ddd2-419a-af8c-194325ef44e6}</UniqueIdentifier>
    </Filter>
    <Filter Include="Header Files\Craig">
      <UniqueIdentifier>{f4ab0b81-f0aa-4205-8b54-4f9f88e5a9ef}</UniqueIdentifier>
    </Filter>
    <Filter Include="Source Files\External">
      <UniqueIdentifier>{354de6a9-09b2-4c42-a4f2-34bac366ebf0}</UniqueIdentifier>
    </Filter>
    <Filter Include="Source Files\External\Imgui">
      <UniqueIdentifier>{20f8c493-eb3b-4a53-b496-469008daf6c3}</UniqueIdentifier>
    </Filter>
    <Filter Include="Header Files\External">
      <UniqueIdentifier>{44856455-5e87-4019-a128-d08d52ff2e3d}</UniqueIdentifier>
    </Filter>
    <Filter Include="Header Files\External\Imgui">
      <UniqueIdentifier>{ae107197-2936-49c9-87fc-7af118442194}</UniqueIdentifier>
    </Filter>
  </ItemGroup>
  <ItemGroup>
    <ClCompile Include="main.cpp">
      <Filter>Source Files</Filter>
    </ClCompile>
    <ClCompile Include="Craig\Craig_Framework.cpp">
      <Filter>Source Files\Craig</Filter>
    </ClCompile>
    <ClCompile Include="Craig\Craig_Window.cpp">
      <Filter>Source Files\Craig</Filter>
    </ClCompile>
    <ClCompile Include="Template.cpp">
      <Filter>Source Files</Filter>
    </ClCompile>
    <ClCompile Include="Craig\Craig_Renderer.cpp">
      <Filter>Source Files\Craig</Filter>
    </ClCompile>
    <ClCompile Include="Craig\Craig_ShaderCompilation.cpp">
      <Filter>Source Files\Craig</Filter>
    </ClCompile>
    <ClCompile Include="External\Imgui\imgui.cpp">
      <Filter>Source Files\External\Imgui</Filter>
    </ClCompile>
    <ClCompile Include="External\Imgui\imgui_demo.cpp">
      <Filter>Source Files\External\Imgui</Filter>
    </ClCompile>
    <ClCompile Include="External\Imgui\imgui_draw.cpp">
      <Filter>Source Files\External\Imgui</Filter>
    </ClCompile>
    <ClCompile Include="External\Imgui\imgui_impl_sdl2.cpp">
      <Filter>Source Files\External\Imgui</Filter>
    </ClCompile>
    <ClCompile Include="External\Imgui\imgui_impl_vulkan.cpp">
      <Filter>Source Files\External\Imgui</Filter>
    </ClCompile>
    <ClCompile Include="External\Imgui\imgui_tables.cpp">
      <Filter>Source Files\External\Imgui</Filter>
    </ClCompile>
    <ClCompile Include="External\Imgui\imgui_widgets.cpp">
      <Filter>Source Files\External\Imgui</Filter>
    </ClCompile>
    <ClCompile Include="Craig\Craig_ResourceManager.cpp">
      <Filter>Source Files\Craig</Filter>
    </ClCompile>
    <ClCompile Include="Craig\Craig_Editor.cpp">
      <Filter>Source Files\Craig</Filter>
    </ClCompile>
    <ClCompile Include="Craig\Craig_Camera.cpp">
      <Filter>Source Files\Craig</Filter>
    </ClCompile>
    <ClCompile Include="Craig\Craig_Scene.cpp">
      <Filter>Source Files\Craig</Filter>
    </ClCompile>
    <ClCompile Include="Craig\Craig_SceneManager.cpp">
      <Filter>Source Files\Craig</Filter>
    </ClCompile>
    <ClCompile Include="Craig\Craig_GameObject.cpp">
      <Filter>Source Files\Craig</Filter>
    </ClCompile>
  </ItemGroup>
  <ItemGroup>
    <ClInclude Include="Craig\Craig_Framework.hpp">
      <Filter>Header Files\Craig</Filter>
    </ClInclude>
    <ClInclude Include="Craig\Craig_Constants.hpp">
      <Filter>Header Files\Craig</Filter>
    </ClInclude>
    <ClInclude Include="Craig\Craig_Window.hpp">
      <Filter>Header Files\Craig</Filter>
    </ClInclude>
    <ClInclude Include="Template.hpp">
      <Filter>Header Files</Filter>
    </ClInclude>
    <ClInclude Include="Craig\Craig_Renderer.hpp">
      <Filter>Header Files\Craig</Filter>
    </ClInclude>
    <ClInclude Include="Craig\Craig_ShaderCompilation.hpp">
      <Filter>Header Files\Craig</Filter>
    </ClInclude>
    <ClInclude Include="Craig\Craig_ResourceManager.hpp">
      <Filter>Header Files\Craig</Filter>
    </ClInclude>
    <ClInclude Include="External\Imgui\imconfig.h">
      <Filter>Header Files\External\Imgui</Filter>
    </ClInclude>
    <ClInclude Include="External\Imgui\imgui.h">
      <Filter>Header Files\External\Imgui</Filter>
    </ClInclude>
    <ClInclude Include="External\Imgui\imgui_impl_sdl2.h">
      <Filter>Header Files\External\Imgui</Filter>
    </ClInclude>
    <ClInclude Include="External\Imgui\imgui_impl_vulkan.h">
      <Filter>Header Files\External\Imgui</Filter>
    </ClInclude>
    <ClInclude Include="External\Imgui\imgui_internal.h">
      <Filter>Header Files\External\Imgui</Filter>
    </ClInclude>
    <ClInclude Include="External\Imgui\imstb_rectpack.h">
      <Filter>Header Files\External\Imgui</Filter>
    </ClInclude>
    <ClInclude Include="External\Imgui\imstb_textedit.h">
      <Filter>Header Files\External\Imgui</Filter>
    </ClInclude>
    <ClInclude Include="External\Imgui\imstb_truetype.h">
      <Filter>Header Files\External\Imgui</Filter>
    </ClInclude>
    <ClInclude Include="External\stb_image.h">
      <Filter>Header Files\External</Filter>
    </ClInclude>
    <ClInclude Include="External\vk_mem_alloc.h">
      <Filter>Header Files\External</Filter>
    </ClInclude>
    <ClInclude Include="Craig\Craig_Editor.hpp">
      <Filter>Header Files\Craig</Filter>
    </ClInclude>
    <ClInclude Include="Craig\Craig_Camera.hpp">
      <Filter>Header Files\Craig</Filter>
    </ClInclude>
    <ClInclude Include="Craig\Craig_Scene.hpp">
      <Filter>Header Files\Craig</Filter>
    </ClInclude>
    <ClInclude Include="Craig\Craig_SceneManager.hpp">
      <Filter>Header Files\Craig</Filter>
    </ClInclude>
    <ClInclude Include="External\stb_image_write.h">
      <Filter>Header Files\External</Filter>
    </ClInclude>
    <ClInclude Include="External\tiny_gltf.h">
      <Filter>Header Files\External</Filter>
    </ClInclude>
    <ClInclude Include="External\json.hpp">
      <Filter>Header Files\External</Filter>
    </ClInclude>
    <ClInclude Include="Craig\Craig_GameObject.hpp">
      <Filter>Header Files\Craig</Filter>
    </ClInclude>
  </ItemGroup>
  <ItemGroup>
    <None Include="data\shaders\FragmentShader.frag">
      <Filter>Resource Files</Filter>
    </None>
    <None Include="data\shaders\VertexShader.vert">
      <Filter>Resource Files</Filter>
    </None>
  </ItemGroup>
</Project>